// !$*UTF8*$!
{
	archiveVersion = 1;
	classes = {
	};
	objectVersion = 50;
	objects = {

/* Begin PBXBuildFile section */
		A51B09B220F8965400D3F39E /* VKSdkFramework.framework in Frameworks */ = {isa = PBXBuildFile; fileRef = A534811020F88AA80034390F /* VKSdkFramework.framework */; };
		A51B09B820F8A1C100D3F39E /* VKApiService.swift in Sources */ = {isa = PBXBuildFile; fileRef = A51B09B720F8A1C100D3F39E /* VKApiService.swift */; };
		A51B09BA20F8A1D700D3F39E /* VKApi.swift in Sources */ = {isa = PBXBuildFile; fileRef = A51B09B920F8A1D700D3F39E /* VKApi.swift */; };
		A51B09BE20F8BCF300D3F39E /* StoreService.swift in Sources */ = {isa = PBXBuildFile; fileRef = A51B09BD20F8BCF300D3F39E /* StoreService.swift */; };
		A51B09C020F8BD3000D3F39E /* Store.swift in Sources */ = {isa = PBXBuildFile; fileRef = A51B09BF20F8BD3000D3F39E /* Store.swift */; };
		A51B09C220F8BD7F00D3F39E /* WallItem.swift in Sources */ = {isa = PBXBuildFile; fileRef = A51B09C120F8BD7F00D3F39E /* WallItem.swift */; };
		A51B09C420F8C01600D3F39E /* StoreServiceError.swift in Sources */ = {isa = PBXBuildFile; fileRef = A51B09C320F8C01600D3F39E /* StoreServiceError.swift */; };
		A51B09C720F8C4A000D3F39E /* WallItemTableViewCell.swift in Sources */ = {isa = PBXBuildFile; fileRef = A51B09C520F8C4A000D3F39E /* WallItemTableViewCell.swift */; };
		A51B09C820F8C4A000D3F39E /* WallItemTableViewCell.xib in Resources */ = {isa = PBXBuildFile; fileRef = A51B09C620F8C4A000D3F39E /* WallItemTableViewCell.xib */; };
		A51B09CB20F8CCF000D3F39E /* TableDataSourceable.swift in Sources */ = {isa = PBXBuildFile; fileRef = A51B09CA20F8CCF000D3F39E /* TableDataSourceable.swift */; };
		A53480CE20F87C6D0034390F /* AppDelegate.swift in Sources */ = {isa = PBXBuildFile; fileRef = A53480CD20F87C6D0034390F /* AppDelegate.swift */; };
		A53480D020F87C6D0034390F /* ParserTableViewController.swift in Sources */ = {isa = PBXBuildFile; fileRef = A53480CF20F87C6D0034390F /* ParserTableViewController.swift */; };
		A53480D320F87C6D0034390F /* ParserTableViewController.storyboard in Resources */ = {isa = PBXBuildFile; fileRef = A53480D120F87C6D0034390F /* ParserTableViewController.storyboard */; };
		A53480D520F87C6F0034390F /* Assets.xcassets in Resources */ = {isa = PBXBuildFile; fileRef = A53480D420F87C6F0034390F /* Assets.xcassets */; };
		A53480D820F87C6F0034390F /* LaunchScreen.storyboard in Resources */ = {isa = PBXBuildFile; fileRef = A53480D620F87C6F0034390F /* LaunchScreen.storyboard */; };
		A53480F820F8887F0034390F /* RxMoya.framework in Frameworks */ = {isa = PBXBuildFile; fileRef = A53480E220F8887E0034390F /* RxMoya.framework */; };
		A53480F920F8887F0034390F /* NSObject_Rx.framework in Frameworks */ = {isa = PBXBuildFile; fileRef = A53480E320F8887E0034390F /* NSObject_Rx.framework */; };
		A53480FA20F8887F0034390F /* Kingfisher.framework in Frameworks */ = {isa = PBXBuildFile; fileRef = A53480E420F8887F0034390F /* Kingfisher.framework */; };
		A53480FB20F8887F0034390F /* RxCocoa.framework in Frameworks */ = {isa = PBXBuildFile; fileRef = A53480E520F8887F0034390F /* RxCocoa.framework */; };
		A53480FC20F8887F0034390F /* Alamofire.framework in Frameworks */ = {isa = PBXBuildFile; fileRef = A53480E620F8887F0034390F /* Alamofire.framework */; };
		A53480FD20F8887F0034390F /* Moya.framework in Frameworks */ = {isa = PBXBuildFile; fileRef = A53480E720F8887F0034390F /* Moya.framework */; };
		A53480FE20F8887F0034390F /* RealmSwift.framework in Frameworks */ = {isa = PBXBuildFile; fileRef = A53480E820F8887F0034390F /* RealmSwift.framework */; };
		A53480FF20F8887F0034390F /* RxRealm.framework in Frameworks */ = {isa = PBXBuildFile; fileRef = A53480E920F8887F0034390F /* RxRealm.framework */; };
		A534810020F8887F0034390F /* Action.framework in Frameworks */ = {isa = PBXBuildFile; fileRef = A53480EA20F8887F0034390F /* Action.framework */; };
		A534810120F8887F0034390F /* RxBlocking.framework in Frameworks */ = {isa = PBXBuildFile; fileRef = A53480EB20F8887F0034390F /* RxBlocking.framework */; };
		A534810220F8887F0034390F /* Realm.framework in Frameworks */ = {isa = PBXBuildFile; fileRef = A53480EC20F8887F0034390F /* Realm.framework */; };
		A534810320F8887F0034390F /* RxDataSources.framework in Frameworks */ = {isa = PBXBuildFile; fileRef = A53480ED20F8887F0034390F /* RxDataSources.framework */; };
		A534810420F8887F0034390F /* Differentiator.framework in Frameworks */ = {isa = PBXBuildFile; fileRef = A53480EE20F8887F0034390F /* Differentiator.framework */; };
		A534810520F8887F0034390F /* RxSwift.framework in Frameworks */ = {isa = PBXBuildFile; fileRef = A53480EF20F8887F0034390F /* RxSwift.framework */; };
		A534810620F8887F0034390F /* IQKeyboardManagerSwift.framework in Frameworks */ = {isa = PBXBuildFile; fileRef = A53480F020F8887F0034390F /* IQKeyboardManagerSwift.framework */; };
		A534810720F8887F0034390F /* Result.framework in Frameworks */ = {isa = PBXBuildFile; fileRef = A53480F120F8887F0034390F /* Result.framework */; };
		A534810820F8887F0034390F /* RxKingfisher.framework in Frameworks */ = {isa = PBXBuildFile; fileRef = A53480F220F8887F0034390F /* RxKingfisher.framework */; };
		A534810920F8887F0034390F /* RxOptional.framework in Frameworks */ = {isa = PBXBuildFile; fileRef = A53480F320F8887F0034390F /* RxOptional.framework */; };
		A534810A20F8887F0034390F /* RxSwiftExt.framework in Frameworks */ = {isa = PBXBuildFile; fileRef = A53480F420F8887F0034390F /* RxSwiftExt.framework */; };
		A534810F20F888DA0034390F /* Cartfile in Resources */ = {isa = PBXBuildFile; fileRef = A534810E20F888DA0034390F /* Cartfile */; };
		A534811420F88C190034390F /* Sceneable.swift in Sources */ = {isa = PBXBuildFile; fileRef = A534811320F88C190034390F /* Sceneable.swift */; };
		A534811620F88C420034390F /* AppScene.swift in Sources */ = {isa = PBXBuildFile; fileRef = A534811520F88C420034390F /* AppScene.swift */; };
		A534811920F88C720034390F /* SceneCoordinatorType.swift in Sources */ = {isa = PBXBuildFile; fileRef = A534811820F88C720034390F /* SceneCoordinatorType.swift */; };
		A534811B20F88C990034390F /* SceneCoordinator.swift in Sources */ = {isa = PBXBuildFile; fileRef = A534811A20F88C990034390F /* SceneCoordinator.swift */; };
		A534811E20F88CE40034390F /* SceneTransitionType.swift in Sources */ = {isa = PBXBuildFile; fileRef = A534811D20F88CE40034390F /* SceneTransitionType.swift */; };
		A534812020F88D090034390F /* TransitionError.swift in Sources */ = {isa = PBXBuildFile; fileRef = A534811F20F88D090034390F /* TransitionError.swift */; };
		A534812520F88F110034390F /* ParserViewModel.swift in Sources */ = {isa = PBXBuildFile; fileRef = A534812420F88F110034390F /* ParserViewModel.swift */; };
		A534812A20F8903B0034390F /* BindableType.swift in Sources */ = {isa = PBXBuildFile; fileRef = A534812920F8903B0034390F /* BindableType.swift */; };
		A534815220F891B80034390F /* LICENSE in Resources */ = {isa = PBXBuildFile; fileRef = A534814320F891B50034390F /* LICENSE */; };
		A534815320F891B80034390F /* README.md in Resources */ = {isa = PBXBuildFile; fileRef = A534814420F891B60034390F /* README.md */; };
		A534815420F891B80034390F /* UIStoryboard+Instance.swift in Sources */ = {isa = PBXBuildFile; fileRef = A534814720F891B80034390F /* UIStoryboard+Instance.swift */; };
		A534815520F891B80034390F /* UIViewController+Instance.swift in Sources */ = {isa = PBXBuildFile; fileRef = A534814820F891B80034390F /* UIViewController+Instance.swift */; };
		A534815620F891B80034390F /* UICollectionViewCell+Instance.swift in Sources */ = {isa = PBXBuildFile; fileRef = A534814A20F891B80034390F /* UICollectionViewCell+Instance.swift */; };
		A534815720F891B80034390F /* UICollectionReusableView+Instance.swift in Sources */ = {isa = PBXBuildFile; fileRef = A534814B20F891B80034390F /* UICollectionReusableView+Instance.swift */; };
		A534815820F891B80034390F /* UITableView+Instance.swift in Sources */ = {isa = PBXBuildFile; fileRef = A534814C20F891B80034390F /* UITableView+Instance.swift */; };
		A534815920F891B80034390F /* UITableViewHeaderFooterView+Instance.swift in Sources */ = {isa = PBXBuildFile; fileRef = A534814D20F891B80034390F /* UITableViewHeaderFooterView+Instance.swift */; };
		A534815A20F891B80034390F /* UIView+Instance.swift in Sources */ = {isa = PBXBuildFile; fileRef = A534814E20F891B80034390F /* UIView+Instance.swift */; };
		A534815B20F891B80034390F /* UITableViewCell+Instance.swift in Sources */ = {isa = PBXBuildFile; fileRef = A534814F20F891B80034390F /* UITableViewCell+Instance.swift */; };
		A534815C20F891B80034390F /* ResourceType.swift in Sources */ = {isa = PBXBuildFile; fileRef = A534815020F891B80034390F /* ResourceType.swift */; };
		A534815D20F891B80034390F /* Instanceable.swift in Sources */ = {isa = PBXBuildFile; fileRef = A534815120F891B80034390F /* Instanceable.swift */; };
		A5B241A72100DAE3001E86C4 /* VKApiDelegate.swift in Sources */ = {isa = PBXBuildFile; fileRef = A5B241A62100DAE3001E86C4 /* VKApiDelegate.swift */; };
		A5B241AA2100E071001E86C4 /* UIView+Responder.swift in Sources */ = {isa = PBXBuildFile; fileRef = A5B241A92100E071001E86C4 /* UIView+Responder.swift */; };
		A5B241AD2100EC81001E86C4 /* SwiftyVK.framework in Frameworks */ = {isa = PBXBuildFile; fileRef = A5B241AC2100EC80001E86C4 /* SwiftyVK.framework */; };
		A5B241B22100F812001E86C4 /* WallService.swift in Sources */ = {isa = PBXBuildFile; fileRef = A5B241B12100F812001E86C4 /* WallService.swift */; };
		A5B241B42100F824001E86C4 /* Wall.swift in Sources */ = {isa = PBXBuildFile; fileRef = A5B241B32100F824001E86C4 /* Wall.swift */; };
/* End PBXBuildFile section */

/* Begin PBXFileReference section */
		A51B09B720F8A1C100D3F39E /* VKApiService.swift */ = {isa = PBXFileReference; lastKnownFileType = sourcecode.swift; path = VKApiService.swift; sourceTree = "<group>"; };
		A51B09B920F8A1D700D3F39E /* VKApi.swift */ = {isa = PBXFileReference; lastKnownFileType = sourcecode.swift; path = VKApi.swift; sourceTree = "<group>"; };
		A51B09BD20F8BCF300D3F39E /* StoreService.swift */ = {isa = PBXFileReference; lastKnownFileType = sourcecode.swift; path = StoreService.swift; sourceTree = "<group>"; };
		A51B09BF20F8BD3000D3F39E /* Store.swift */ = {isa = PBXFileReference; lastKnownFileType = sourcecode.swift; path = Store.swift; sourceTree = "<group>"; };
		A51B09C120F8BD7F00D3F39E /* WallItem.swift */ = {isa = PBXFileReference; lastKnownFileType = sourcecode.swift; path = WallItem.swift; sourceTree = "<group>"; };
		A51B09C320F8C01600D3F39E /* StoreServiceError.swift */ = {isa = PBXFileReference; lastKnownFileType = sourcecode.swift; path = StoreServiceError.swift; sourceTree = "<group>"; };
		A51B09C520F8C4A000D3F39E /* WallItemTableViewCell.swift */ = {isa = PBXFileReference; lastKnownFileType = sourcecode.swift; path = WallItemTableViewCell.swift; sourceTree = "<group>"; };
		A51B09C620F8C4A000D3F39E /* WallItemTableViewCell.xib */ = {isa = PBXFileReference; lastKnownFileType = file.xib; path = WallItemTableViewCell.xib; sourceTree = "<group>"; };
		A51B09CA20F8CCF000D3F39E /* TableDataSourceable.swift */ = {isa = PBXFileReference; lastKnownFileType = sourcecode.swift; path = TableDataSourceable.swift; sourceTree = "<group>"; };
		A53480CA20F87C6D0034390F /* VKParser.app */ = {isa = PBXFileReference; explicitFileType = wrapper.application; includeInIndex = 0; path = VKParser.app; sourceTree = BUILT_PRODUCTS_DIR; };
		A53480CD20F87C6D0034390F /* AppDelegate.swift */ = {isa = PBXFileReference; lastKnownFileType = sourcecode.swift; path = AppDelegate.swift; sourceTree = "<group>"; };
		A53480CF20F87C6D0034390F /* ParserTableViewController.swift */ = {isa = PBXFileReference; lastKnownFileType = sourcecode.swift; path = ParserTableViewController.swift; sourceTree = "<group>"; };
		A53480D220F87C6D0034390F /* Base */ = {isa = PBXFileReference; lastKnownFileType = file.storyboard; name = Base; path = Base.lproj/ParserTableViewController.storyboard; sourceTree = "<group>"; };
		A53480D420F87C6F0034390F /* Assets.xcassets */ = {isa = PBXFileReference; lastKnownFileType = folder.assetcatalog; path = Assets.xcassets; sourceTree = "<group>"; };
		A53480D720F87C6F0034390F /* Base */ = {isa = PBXFileReference; lastKnownFileType = file.storyboard; name = Base; path = Base.lproj/LaunchScreen.storyboard; sourceTree = "<group>"; };
		A53480D920F87C6F0034390F /* Info.plist */ = {isa = PBXFileReference; lastKnownFileType = text.plist.xml; path = Info.plist; sourceTree = "<group>"; };
		A53480E020F8887E0034390F /* Nimble.framework */ = {isa = PBXFileReference; lastKnownFileType = wrapper.framework; name = Nimble.framework; path = Carthage/Build/iOS/Nimble.framework; sourceTree = "<group>"; };
		A53480E120F8887E0034390F /* Quick.framework */ = {isa = PBXFileReference; lastKnownFileType = wrapper.framework; name = Quick.framework; path = Carthage/Build/iOS/Quick.framework; sourceTree = "<group>"; };
		A53480E220F8887E0034390F /* RxMoya.framework */ = {isa = PBXFileReference; lastKnownFileType = wrapper.framework; name = RxMoya.framework; path = Carthage/Build/iOS/RxMoya.framework; sourceTree = "<group>"; };
		A53480E320F8887E0034390F /* NSObject_Rx.framework */ = {isa = PBXFileReference; lastKnownFileType = wrapper.framework; name = NSObject_Rx.framework; path = Carthage/Build/iOS/NSObject_Rx.framework; sourceTree = "<group>"; };
		A53480E420F8887F0034390F /* Kingfisher.framework */ = {isa = PBXFileReference; lastKnownFileType = wrapper.framework; name = Kingfisher.framework; path = Carthage/Build/iOS/Kingfisher.framework; sourceTree = "<group>"; };
		A53480E520F8887F0034390F /* RxCocoa.framework */ = {isa = PBXFileReference; lastKnownFileType = wrapper.framework; name = RxCocoa.framework; path = Carthage/Build/iOS/RxCocoa.framework; sourceTree = "<group>"; };
		A53480E620F8887F0034390F /* Alamofire.framework */ = {isa = PBXFileReference; lastKnownFileType = wrapper.framework; name = Alamofire.framework; path = Carthage/Build/iOS/Alamofire.framework; sourceTree = "<group>"; };
		A53480E720F8887F0034390F /* Moya.framework */ = {isa = PBXFileReference; lastKnownFileType = wrapper.framework; name = Moya.framework; path = Carthage/Build/iOS/Moya.framework; sourceTree = "<group>"; };
		A53480E820F8887F0034390F /* RealmSwift.framework */ = {isa = PBXFileReference; lastKnownFileType = wrapper.framework; name = RealmSwift.framework; path = Carthage/Build/iOS/RealmSwift.framework; sourceTree = "<group>"; };
		A53480E920F8887F0034390F /* RxRealm.framework */ = {isa = PBXFileReference; lastKnownFileType = wrapper.framework; name = RxRealm.framework; path = Carthage/Build/iOS/RxRealm.framework; sourceTree = "<group>"; };
		A53480EA20F8887F0034390F /* Action.framework */ = {isa = PBXFileReference; lastKnownFileType = wrapper.framework; name = Action.framework; path = Carthage/Build/iOS/Action.framework; sourceTree = "<group>"; };
		A53480EB20F8887F0034390F /* RxBlocking.framework */ = {isa = PBXFileReference; lastKnownFileType = wrapper.framework; name = RxBlocking.framework; path = Carthage/Build/iOS/RxBlocking.framework; sourceTree = "<group>"; };
		A53480EC20F8887F0034390F /* Realm.framework */ = {isa = PBXFileReference; lastKnownFileType = wrapper.framework; name = Realm.framework; path = Carthage/Build/iOS/Realm.framework; sourceTree = "<group>"; };
		A53480ED20F8887F0034390F /* RxDataSources.framework */ = {isa = PBXFileReference; lastKnownFileType = wrapper.framework; name = RxDataSources.framework; path = Carthage/Build/iOS/RxDataSources.framework; sourceTree = "<group>"; };
		A53480EE20F8887F0034390F /* Differentiator.framework */ = {isa = PBXFileReference; lastKnownFileType = wrapper.framework; name = Differentiator.framework; path = Carthage/Build/iOS/Differentiator.framework; sourceTree = "<group>"; };
		A53480EF20F8887F0034390F /* RxSwift.framework */ = {isa = PBXFileReference; lastKnownFileType = wrapper.framework; name = RxSwift.framework; path = Carthage/Build/iOS/RxSwift.framework; sourceTree = "<group>"; };
		A53480F020F8887F0034390F /* IQKeyboardManagerSwift.framework */ = {isa = PBXFileReference; lastKnownFileType = wrapper.framework; name = IQKeyboardManagerSwift.framework; path = Carthage/Build/iOS/IQKeyboardManagerSwift.framework; sourceTree = "<group>"; };
		A53480F120F8887F0034390F /* Result.framework */ = {isa = PBXFileReference; lastKnownFileType = wrapper.framework; name = Result.framework; path = Carthage/Build/iOS/Result.framework; sourceTree = "<group>"; };
		A53480F220F8887F0034390F /* RxKingfisher.framework */ = {isa = PBXFileReference; lastKnownFileType = wrapper.framework; name = RxKingfisher.framework; path = Carthage/Build/iOS/RxKingfisher.framework; sourceTree = "<group>"; };
		A53480F320F8887F0034390F /* RxOptional.framework */ = {isa = PBXFileReference; lastKnownFileType = wrapper.framework; name = RxOptional.framework; path = Carthage/Build/iOS/RxOptional.framework; sourceTree = "<group>"; };
		A53480F420F8887F0034390F /* RxSwiftExt.framework */ = {isa = PBXFileReference; lastKnownFileType = wrapper.framework; name = RxSwiftExt.framework; path = Carthage/Build/iOS/RxSwiftExt.framework; sourceTree = "<group>"; };
		A53480F520F8887F0034390F /* RxTest.framework */ = {isa = PBXFileReference; lastKnownFileType = wrapper.framework; name = RxTest.framework; path = Carthage/Build/iOS/RxTest.framework; sourceTree = "<group>"; };
		A534810E20F888DA0034390F /* Cartfile */ = {isa = PBXFileReference; fileEncoding = 4; lastKnownFileType = text; path = Cartfile; sourceTree = "<group>"; };
		A534811020F88AA80034390F /* VKSdkFramework.framework */ = {isa = PBXFileReference; lastKnownFileType = wrapper.framework; name = VKSdkFramework.framework; path = Carthage/Build/iOS/VKSdkFramework.framework; sourceTree = "<group>"; };
		A534811320F88C190034390F /* Sceneable.swift */ = {isa = PBXFileReference; lastKnownFileType = sourcecode.swift; path = Sceneable.swift; sourceTree = "<group>"; };
		A534811520F88C420034390F /* AppScene.swift */ = {isa = PBXFileReference; lastKnownFileType = sourcecode.swift; path = AppScene.swift; sourceTree = "<group>"; };
		A534811820F88C720034390F /* SceneCoordinatorType.swift */ = {isa = PBXFileReference; lastKnownFileType = sourcecode.swift; path = SceneCoordinatorType.swift; sourceTree = "<group>"; };
		A534811A20F88C990034390F /* SceneCoordinator.swift */ = {isa = PBXFileReference; lastKnownFileType = sourcecode.swift; path = SceneCoordinator.swift; sourceTree = "<group>"; };
		A534811D20F88CE40034390F /* SceneTransitionType.swift */ = {isa = PBXFileReference; lastKnownFileType = sourcecode.swift; path = SceneTransitionType.swift; sourceTree = "<group>"; };
		A534811F20F88D090034390F /* TransitionError.swift */ = {isa = PBXFileReference; lastKnownFileType = sourcecode.swift; path = TransitionError.swift; sourceTree = "<group>"; };
		A534812420F88F110034390F /* ParserViewModel.swift */ = {isa = PBXFileReference; lastKnownFileType = sourcecode.swift; path = ParserViewModel.swift; sourceTree = "<group>"; };
		A534812920F8903B0034390F /* BindableType.swift */ = {isa = PBXFileReference; lastKnownFileType = sourcecode.swift; path = BindableType.swift; sourceTree = "<group>"; };
		A534814320F891B50034390F /* LICENSE */ = {isa = PBXFileReference; fileEncoding = 4; lastKnownFileType = text; path = LICENSE; sourceTree = "<group>"; };
		A534814420F891B60034390F /* README.md */ = {isa = PBXFileReference; fileEncoding = 4; lastKnownFileType = net.daringfireball.markdown; path = README.md; sourceTree = "<group>"; };
		A534814720F891B80034390F /* UIStoryboard+Instance.swift */ = {isa = PBXFileReference; fileEncoding = 4; lastKnownFileType = sourcecode.swift; path = "UIStoryboard+Instance.swift"; sourceTree = "<group>"; };
		A534814820F891B80034390F /* UIViewController+Instance.swift */ = {isa = PBXFileReference; fileEncoding = 4; lastKnownFileType = sourcecode.swift; path = "UIViewController+Instance.swift"; sourceTree = "<group>"; };
		A534814A20F891B80034390F /* UICollectionViewCell+Instance.swift */ = {isa = PBXFileReference; fileEncoding = 4; lastKnownFileType = sourcecode.swift; path = "UICollectionViewCell+Instance.swift"; sourceTree = "<group>"; };
		A534814B20F891B80034390F /* UICollectionReusableView+Instance.swift */ = {isa = PBXFileReference; fileEncoding = 4; lastKnownFileType = sourcecode.swift; path = "UICollectionReusableView+Instance.swift"; sourceTree = "<group>"; };
		A534814C20F891B80034390F /* UITableView+Instance.swift */ = {isa = PBXFileReference; fileEncoding = 4; lastKnownFileType = sourcecode.swift; path = "UITableView+Instance.swift"; sourceTree = "<group>"; };
		A534814D20F891B80034390F /* UITableViewHeaderFooterView+Instance.swift */ = {isa = PBXFileReference; fileEncoding = 4; lastKnownFileType = sourcecode.swift; path = "UITableViewHeaderFooterView+Instance.swift"; sourceTree = "<group>"; };
		A534814E20F891B80034390F /* UIView+Instance.swift */ = {isa = PBXFileReference; fileEncoding = 4; lastKnownFileType = sourcecode.swift; path = "UIView+Instance.swift"; sourceTree = "<group>"; };
		A534814F20F891B80034390F /* UITableViewCell+Instance.swift */ = {isa = PBXFileReference; fileEncoding = 4; lastKnownFileType = sourcecode.swift; path = "UITableViewCell+Instance.swift"; sourceTree = "<group>"; };
		A534815020F891B80034390F /* ResourceType.swift */ = {isa = PBXFileReference; fileEncoding = 4; lastKnownFileType = sourcecode.swift; path = ResourceType.swift; sourceTree = "<group>"; };
		A534815120F891B80034390F /* Instanceable.swift */ = {isa = PBXFileReference; fileEncoding = 4; lastKnownFileType = sourcecode.swift; path = Instanceable.swift; sourceTree = "<group>"; };
		A5B241A62100DAE3001E86C4 /* VKApiDelegate.swift */ = {isa = PBXFileReference; lastKnownFileType = sourcecode.swift; path = VKApiDelegate.swift; sourceTree = "<group>"; };
		A5B241A92100E071001E86C4 /* UIView+Responder.swift */ = {isa = PBXFileReference; lastKnownFileType = sourcecode.swift; path = "UIView+Responder.swift"; sourceTree = "<group>"; };
		A5B241AC2100EC80001E86C4 /* SwiftyVK.framework */ = {isa = PBXFileReference; lastKnownFileType = wrapper.framework; name = SwiftyVK.framework; path = Carthage/Build/iOS/SwiftyVK.framework; sourceTree = "<group>"; };
		A5B241B12100F812001E86C4 /* WallService.swift */ = {isa = PBXFileReference; lastKnownFileType = sourcecode.swift; path = WallService.swift; sourceTree = "<group>"; };
		A5B241B32100F824001E86C4 /* Wall.swift */ = {isa = PBXFileReference; lastKnownFileType = sourcecode.swift; path = Wall.swift; sourceTree = "<group>"; };
/* End PBXFileReference section */

/* Begin PBXFrameworksBuildPhase section */
		A53480C720F87C6D0034390F /* Frameworks */ = {
			isa = PBXFrameworksBuildPhase;
			buildActionMask = 2147483647;
			files = (
				A5B241AD2100EC81001E86C4 /* SwiftyVK.framework in Frameworks */,
				A53480F820F8887F0034390F /* RxMoya.framework in Frameworks */,
				A53480F920F8887F0034390F /* NSObject_Rx.framework in Frameworks */,
				A53480FA20F8887F0034390F /* Kingfisher.framework in Frameworks */,
				A53480FB20F8887F0034390F /* RxCocoa.framework in Frameworks */,
				A53480FC20F8887F0034390F /* Alamofire.framework in Frameworks */,
				A53480FD20F8887F0034390F /* Moya.framework in Frameworks */,
				A53480FE20F8887F0034390F /* RealmSwift.framework in Frameworks */,
				A53480FF20F8887F0034390F /* RxRealm.framework in Frameworks */,
				A534810020F8887F0034390F /* Action.framework in Frameworks */,
				A534810120F8887F0034390F /* RxBlocking.framework in Frameworks */,
				A534810220F8887F0034390F /* Realm.framework in Frameworks */,
				A51B09B220F8965400D3F39E /* VKSdkFramework.framework in Frameworks */,
				A534810320F8887F0034390F /* RxDataSources.framework in Frameworks */,
				A534810420F8887F0034390F /* Differentiator.framework in Frameworks */,
				A534810520F8887F0034390F /* RxSwift.framework in Frameworks */,
				A534810620F8887F0034390F /* IQKeyboardManagerSwift.framework in Frameworks */,
				A534810720F8887F0034390F /* Result.framework in Frameworks */,
				A534810820F8887F0034390F /* RxKingfisher.framework in Frameworks */,
				A534810920F8887F0034390F /* RxOptional.framework in Frameworks */,
				A534810A20F8887F0034390F /* RxSwiftExt.framework in Frameworks */,
			);
			runOnlyForDeploymentPostprocessing = 0;
		};
/* End PBXFrameworksBuildPhase section */

/* Begin PBXGroup section */
		A51B09B520F8A19600D3F39E /* Services */ = {
			isa = PBXGroup;
			children = (
				A5B241B02100F802001E86C4 /* WallService */,
				A51B09BC20F8BCE800D3F39E /* Store */,
				A51B09B620F8A1A800D3F39E /* VKApi */,
			);
			path = Services;
			sourceTree = "<group>";
		};
		A51B09B620F8A1A800D3F39E /* VKApi */ = {
			isa = PBXGroup;
			children = (
				A51B09B720F8A1C100D3F39E /* VKApiService.swift */,
				A51B09B920F8A1D700D3F39E /* VKApi.swift */,
				A5B241A62100DAE3001E86C4 /* VKApiDelegate.swift */,
			);
			path = VKApi;
			sourceTree = "<group>";
		};
		A51B09BB20F8A32300D3F39E /* Models */ = {
			isa = PBXGroup;
			children = (
				A51B09C120F8BD7F00D3F39E /* WallItem.swift */,
			);
			path = Models;
			sourceTree = "<group>";
		};
		A51B09BC20F8BCE800D3F39E /* Store */ = {
			isa = PBXGroup;
			children = (
				A51B09BD20F8BCF300D3F39E /* StoreService.swift */,
				A51B09BF20F8BD3000D3F39E /* Store.swift */,
				A51B09C320F8C01600D3F39E /* StoreServiceError.swift */,
			);
			path = Store;
			sourceTree = "<group>";
		};
		A51B09C920F8C4A400D3F39E /* Cells */ = {
			isa = PBXGroup;
			children = (
				A51B09C520F8C4A000D3F39E /* WallItemTableViewCell.swift */,
				A51B09C620F8C4A000D3F39E /* WallItemTableViewCell.xib */,
			);
			path = Cells;
			sourceTree = "<group>";
		};
		A53480C120F87C6D0034390F = {
			isa = PBXGroup;
			children = (
				A534810E20F888DA0034390F /* Cartfile */,
				A53480CC20F87C6D0034390F /* VKParser */,
				A53480CB20F87C6D0034390F /* Products */,
				A53480DF20F8887E0034390F /* Frameworks */,
			);
			sourceTree = "<group>";
		};
		A53480CB20F87C6D0034390F /* Products */ = {
			isa = PBXGroup;
			children = (
				A53480CA20F87C6D0034390F /* VKParser.app */,
			);
			name = Products;
			sourceTree = "<group>";
		};
		A53480CC20F87C6D0034390F /* VKParser */ = {
			isa = PBXGroup;
			children = (
				A53480CD20F87C6D0034390F /* AppDelegate.swift */,
				A51B09BB20F8A32300D3F39E /* Models */,
				A51B09B520F8A19600D3F39E /* Services */,
				A534812820F8902F0034390F /* Protocols */,
				A534811220F88AFC0034390F /* Scenes */,
				A534812720F88F390034390F /* Controllers */,
				A534812120F88E3D0034390F /* Extensions */,
				A534814120F891900034390F /* ThirdParty */,
				A534812320F88E590034390F /* Resources */,
				A534812220F88E510034390F /* SupportingFiles */,
			);
			path = VKParser;
			sourceTree = "<group>";
		};
		A53480DF20F8887E0034390F /* Frameworks */ = {
			isa = PBXGroup;
			children = (
				A5B241AC2100EC80001E86C4 /* SwiftyVK.framework */,
				A534811020F88AA80034390F /* VKSdkFramework.framework */,
				A53480EA20F8887F0034390F /* Action.framework */,
				A53480E620F8887F0034390F /* Alamofire.framework */,
				A53480EE20F8887F0034390F /* Differentiator.framework */,
				A53480F020F8887F0034390F /* IQKeyboardManagerSwift.framework */,
				A53480E420F8887F0034390F /* Kingfisher.framework */,
				A53480E720F8887F0034390F /* Moya.framework */,
				A53480E020F8887E0034390F /* Nimble.framework */,
				A53480E320F8887E0034390F /* NSObject_Rx.framework */,
				A53480E120F8887E0034390F /* Quick.framework */,
				A53480EC20F8887F0034390F /* Realm.framework */,
				A53480E820F8887F0034390F /* RealmSwift.framework */,
				A53480F120F8887F0034390F /* Result.framework */,
				A53480EB20F8887F0034390F /* RxBlocking.framework */,
				A53480E520F8887F0034390F /* RxCocoa.framework */,
				A53480ED20F8887F0034390F /* RxDataSources.framework */,
				A53480F220F8887F0034390F /* RxKingfisher.framework */,
				A53480E220F8887E0034390F /* RxMoya.framework */,
				A53480F320F8887F0034390F /* RxOptional.framework */,
				A53480E920F8887F0034390F /* RxRealm.framework */,
				A53480EF20F8887F0034390F /* RxSwift.framework */,
				A53480F420F8887F0034390F /* RxSwiftExt.framework */,
				A53480F520F8887F0034390F /* RxTest.framework */,
			);
			name = Frameworks;
			sourceTree = "<group>";
		};
		A534811220F88AFC0034390F /* Scenes */ = {
			isa = PBXGroup;
			children = (
				A534811C20F88CD70034390F /* Transition */,
				A534811720F88C610034390F /* Coordinator */,
				A534811320F88C190034390F /* Sceneable.swift */,
				A534811520F88C420034390F /* AppScene.swift */,
			);
			path = Scenes;
			sourceTree = "<group>";
		};
		A534811720F88C610034390F /* Coordinator */ = {
			isa = PBXGroup;
			children = (
				A534811820F88C720034390F /* SceneCoordinatorType.swift */,
				A534811A20F88C990034390F /* SceneCoordinator.swift */,
			);
			path = Coordinator;
			sourceTree = "<group>";
		};
		A534811C20F88CD70034390F /* Transition */ = {
			isa = PBXGroup;
			children = (
				A534811D20F88CE40034390F /* SceneTransitionType.swift */,
				A534811F20F88D090034390F /* TransitionError.swift */,
			);
			path = Transition;
			sourceTree = "<group>";
		};
		A534812120F88E3D0034390F /* Extensions */ = {
			isa = PBXGroup;
			children = (
				A5B241A92100E071001E86C4 /* UIView+Responder.swift */,
			);
			path = Extensions;
			sourceTree = "<group>";
		};
		A534812220F88E510034390F /* SupportingFiles */ = {
			isa = PBXGroup;
			children = (
				A53480D920F87C6F0034390F /* Info.plist */,
			);
			path = SupportingFiles;
			sourceTree = "<group>";
		};
		A534812320F88E590034390F /* Resources */ = {
			isa = PBXGroup;
			children = (
				A53480D620F87C6F0034390F /* LaunchScreen.storyboard */,
				A53480D420F87C6F0034390F /* Assets.xcassets */,
			);
			path = Resources;
			sourceTree = "<group>";
		};
		A534812620F88F2C0034390F /* Parser */ = {
			isa = PBXGroup;
			children = (
				A53480D120F87C6D0034390F /* ParserTableViewController.storyboard */,
				A53480CF20F87C6D0034390F /* ParserTableViewController.swift */,
				A534812420F88F110034390F /* ParserViewModel.swift */,
				A51B09C920F8C4A400D3F39E /* Cells */,
			);
			path = Parser;
			sourceTree = "<group>";
		};
		A534812720F88F390034390F /* Controllers */ = {
			isa = PBXGroup;
			children = (
				A534812620F88F2C0034390F /* Parser */,
			);
			path = Controllers;
			sourceTree = "<group>";
		};
		A534812820F8902F0034390F /* Protocols */ = {
			isa = PBXGroup;
			children = (
				A534812920F8903B0034390F /* BindableType.swift */,
				A51B09CA20F8CCF000D3F39E /* TableDataSourceable.swift */,
			);
			path = Protocols;
			sourceTree = "<group>";
		};
		A534814120F891900034390F /* ThirdParty */ = {
			isa = PBXGroup;
			children = (
				A534814220F891A40034390F /* Instance */,
			);
			path = ThirdParty;
			sourceTree = "<group>";
		};
		A534814220F891A40034390F /* Instance */ = {
			isa = PBXGroup;
			children = (
				A534814320F891B50034390F /* LICENSE */,
				A534814420F891B60034390F /* README.md */,
				A534814520F891B80034390F /* Sources */,
			);
			path = Instance;
			sourceTree = "<group>";
		};
		A534814520F891B80034390F /* Sources */ = {
			isa = PBXGroup;
			children = (
				A534814620F891B80034390F /* Extensions */,
				A534815020F891B80034390F /* ResourceType.swift */,
				A534815120F891B80034390F /* Instanceable.swift */,
			);
			path = Sources;
			sourceTree = "<group>";
		};
		A534814620F891B80034390F /* Extensions */ = {
			isa = PBXGroup;
			children = (
				A534814720F891B80034390F /* UIStoryboard+Instance.swift */,
				A534814820F891B80034390F /* UIViewController+Instance.swift */,
				A534814920F891B80034390F /* Views */,
			);
			path = Extensions;
			sourceTree = "<group>";
		};
		A534814920F891B80034390F /* Views */ = {
			isa = PBXGroup;
			children = (
				A534814A20F891B80034390F /* UICollectionViewCell+Instance.swift */,
				A534814B20F891B80034390F /* UICollectionReusableView+Instance.swift */,
				A534814C20F891B80034390F /* UITableView+Instance.swift */,
				A534814D20F891B80034390F /* UITableViewHeaderFooterView+Instance.swift */,
				A534814E20F891B80034390F /* UIView+Instance.swift */,
				A534814F20F891B80034390F /* UITableViewCell+Instance.swift */,
			);
			path = Views;
			sourceTree = "<group>";
		};
		A5B241B02100F802001E86C4 /* WallService */ = {
			isa = PBXGroup;
			children = (
				A5B241B12100F812001E86C4 /* WallService.swift */,
				A5B241B32100F824001E86C4 /* Wall.swift */,
			);
			path = WallService;
			sourceTree = "<group>";
		};
/* End PBXGroup section */

/* Begin PBXNativeTarget section */
		A53480C920F87C6D0034390F /* VKParser */ = {
			isa = PBXNativeTarget;
			buildConfigurationList = A53480DC20F87C6F0034390F /* Build configuration list for PBXNativeTarget "VKParser" */;
			buildPhases = (
				A53480C620F87C6D0034390F /* Sources */,
				A53480C720F87C6D0034390F /* Frameworks */,
				A53480C820F87C6D0034390F /* Resources */,
				03B8LABUCDKQ5W5RZRIXA05Z /* Carthage */,
				A534810C20F888A40034390F /* Carthage - Outdated dependencies */,
				A534810D20F888B00034390F /* Swiftlint */,
			);
			buildRules = (
			);
			dependencies = (
			);
			name = VKParser;
			productName = VKParser;
			productReference = A53480CA20F87C6D0034390F /* VKParser.app */;
			productType = "com.apple.product-type.application";
		};
/* End PBXNativeTarget section */

/* Begin PBXProject section */
		A53480C220F87C6D0034390F /* Project object */ = {
			isa = PBXProject;
			attributes = {
				LastSwiftUpdateCheck = 0940;
				LastUpgradeCheck = 0940;
				ORGANIZATIONNAME = "Sergey Pugach";
				TargetAttributes = {
					A53480C920F87C6D0034390F = {
						CreatedOnToolsVersion = 9.4.1;
					};
				};
			};
			buildConfigurationList = A53480C520F87C6D0034390F /* Build configuration list for PBXProject "VKParser" */;
			compatibilityVersion = "Xcode 9.3";
			developmentRegion = en;
			hasScannedForEncodings = 0;
			knownRegions = (
				en,
				Base,
			);
			mainGroup = A53480C120F87C6D0034390F;
			productRefGroup = A53480CB20F87C6D0034390F /* Products */;
			projectDirPath = "";
			projectRoot = "";
			targets = (
				A53480C920F87C6D0034390F /* VKParser */,
			);
		};
/* End PBXProject section */

/* Begin PBXResourcesBuildPhase section */
		A53480C820F87C6D0034390F /* Resources */ = {
			isa = PBXResourcesBuildPhase;
			buildActionMask = 2147483647;
			files = (
				A534815320F891B80034390F /* README.md in Resources */,
				A53480D820F87C6F0034390F /* LaunchScreen.storyboard in Resources */,
				A53480D520F87C6F0034390F /* Assets.xcassets in Resources */,
				A51B09C820F8C4A000D3F39E /* WallItemTableViewCell.xib in Resources */,
				A534810F20F888DA0034390F /* Cartfile in Resources */,
				A53480D320F87C6D0034390F /* ParserTableViewController.storyboard in Resources */,
				A534815220F891B80034390F /* LICENSE in Resources */,
			);
			runOnlyForDeploymentPostprocessing = 0;
		};
/* End PBXResourcesBuildPhase section */

/* Begin PBXShellScriptBuildPhase section */
		03B8LABUCDKQ5W5RZRIXA05Z /* Carthage */ = {
			isa = PBXShellScriptBuildPhase;
			buildActionMask = 2147483647;
			files = (
			);
			inputPaths = (
				"$(SRCROOT)/Carthage/Build/iOS/Action.framework",
				"$(SRCROOT)/Carthage/Build/iOS/Alamofire.framework",
				"$(SRCROOT)/Carthage/Build/iOS/Differentiator.framework",
				"$(SRCROOT)/Carthage/Build/iOS/IQKeyboardManagerSwift.framework",
				"$(SRCROOT)/Carthage/Build/iOS/Kingfisher.framework",
				"$(SRCROOT)/Carthage/Build/iOS/Moya.framework",
				"$(SRCROOT)/Carthage/Build/iOS/NSObject_Rx.framework",
				"$(SRCROOT)/Carthage/Build/iOS/Realm.framework",
				"$(SRCROOT)/Carthage/Build/iOS/RealmSwift.framework",
				"$(SRCROOT)/Carthage/Build/iOS/Result.framework",
				"$(SRCROOT)/Carthage/Build/iOS/RxBlocking.framework",
				"$(SRCROOT)/Carthage/Build/iOS/RxCocoa.framework",
				"$(SRCROOT)/Carthage/Build/iOS/RxDataSources.framework",
				"$(SRCROOT)/Carthage/Build/iOS/RxKingfisher.framework",
				"$(SRCROOT)/Carthage/Build/iOS/RxMoya.framework",
				"$(SRCROOT)/Carthage/Build/iOS/RxOptional.framework",
				"$(SRCROOT)/Carthage/Build/iOS/RxRealm.framework",
				"$(SRCROOT)/Carthage/Build/iOS/RxSwift.framework",
				"$(SRCROOT)/Carthage/Build/iOS/RxSwiftExt.framework",
				"$(SRCROOT)/Carthage/Build/iOS/SwiftyVK.framework",
				"$(SRCROOT)/Carthage/Build/iOS/VKSdkFramework.framework",
			);
			name = Carthage;
			outputPaths = (
				"$(BUILT_PRODUCTS_DIR)/$(FRAMEWORKS_FOLDER_PATH)/Action.framework",
				"$(BUILT_PRODUCTS_DIR)/$(FRAMEWORKS_FOLDER_PATH)/Alamofire.framework",
				"$(BUILT_PRODUCTS_DIR)/$(FRAMEWORKS_FOLDER_PATH)/Differentiator.framework",
				"$(BUILT_PRODUCTS_DIR)/$(FRAMEWORKS_FOLDER_PATH)/IQKeyboardManagerSwift.framework",
				"$(BUILT_PRODUCTS_DIR)/$(FRAMEWORKS_FOLDER_PATH)/Kingfisher.framework",
				"$(BUILT_PRODUCTS_DIR)/$(FRAMEWORKS_FOLDER_PATH)/Moya.framework",
				"$(BUILT_PRODUCTS_DIR)/$(FRAMEWORKS_FOLDER_PATH)/NSObject_Rx.framework",
				"$(BUILT_PRODUCTS_DIR)/$(FRAMEWORKS_FOLDER_PATH)/Realm.framework",
				"$(BUILT_PRODUCTS_DIR)/$(FRAMEWORKS_FOLDER_PATH)/RealmSwift.framework",
				"$(BUILT_PRODUCTS_DIR)/$(FRAMEWORKS_FOLDER_PATH)/Result.framework",
				"$(BUILT_PRODUCTS_DIR)/$(FRAMEWORKS_FOLDER_PATH)/RxBlocking.framework",
				"$(BUILT_PRODUCTS_DIR)/$(FRAMEWORKS_FOLDER_PATH)/RxCocoa.framework",
				"$(BUILT_PRODUCTS_DIR)/$(FRAMEWORKS_FOLDER_PATH)/RxDataSources.framework",
				"$(BUILT_PRODUCTS_DIR)/$(FRAMEWORKS_FOLDER_PATH)/RxKingfisher.framework",
				"$(BUILT_PRODUCTS_DIR)/$(FRAMEWORKS_FOLDER_PATH)/RxMoya.framework",
				"$(BUILT_PRODUCTS_DIR)/$(FRAMEWORKS_FOLDER_PATH)/RxOptional.framework",
				"$(BUILT_PRODUCTS_DIR)/$(FRAMEWORKS_FOLDER_PATH)/RxRealm.framework",
				"$(BUILT_PRODUCTS_DIR)/$(FRAMEWORKS_FOLDER_PATH)/RxSwift.framework",
				"$(BUILT_PRODUCTS_DIR)/$(FRAMEWORKS_FOLDER_PATH)/RxSwiftExt.framework",
				"$(BUILT_PRODUCTS_DIR)/$(FRAMEWORKS_FOLDER_PATH)/SwiftyVK.framework",
				"$(BUILT_PRODUCTS_DIR)/$(FRAMEWORKS_FOLDER_PATH)/VKSdkFramework.framework",
			);
			runOnlyForDeploymentPostprocessing = 0;
			shellPath = /bin/sh;
			shellScript = "/usr/local/bin/carthage copy-frameworks";
			showEnvVarsInLog = 0;
		};
		A534810C20F888A40034390F /* Carthage - Outdated dependencies */ = {
			isa = PBXShellScriptBuildPhase;
			buildActionMask = 2147483647;
			files = (
			);
			inputPaths = (
			);
			name = "Carthage - Outdated dependencies";
			outputPaths = (
			);
			runOnlyForDeploymentPostprocessing = 0;
			shellPath = /bin/sh;
			shellScript = "echo \"warning: Carthage outdated dependencies script disabled, check the Run script phase in the Build Phases\"\n# /usr/local/bin/carthage outdated --xcode-warnings";
		};
		A534810D20F888B00034390F /* Swiftlint */ = {
			isa = PBXShellScriptBuildPhase;
			buildActionMask = 2147483647;
			files = (
			);
			inputPaths = (
			);
			name = Swiftlint;
			outputPaths = (
			);
			runOnlyForDeploymentPostprocessing = 0;
			shellPath = /bin/sh;
			shellScript = "if which swiftlint >/dev/null; then\n#swiftlint\necho \"warning: Swiftlint disabled, check the Run script phase in the Build Phases\"\nelse\necho \"warning: SwiftLint not installed, download from https://github.com/realm/SwiftLint\"\nfi";
		};
/* End PBXShellScriptBuildPhase section */

/* Begin PBXSourcesBuildPhase section */
		A53480C620F87C6D0034390F /* Sources */ = {
			isa = PBXSourcesBuildPhase;
			buildActionMask = 2147483647;
			files = (
				A534815620F891B80034390F /* UICollectionViewCell+Instance.swift in Sources */,
				A5B241B22100F812001E86C4 /* WallService.swift in Sources */,
				A51B09BE20F8BCF300D3F39E /* StoreService.swift in Sources */,
				A51B09BA20F8A1D700D3F39E /* VKApi.swift in Sources */,
				A51B09C020F8BD3000D3F39E /* Store.swift in Sources */,
				A51B09B820F8A1C100D3F39E /* VKApiService.swift in Sources */,
				A534811620F88C420034390F /* AppScene.swift in Sources */,
				A534811E20F88CE40034390F /* SceneTransitionType.swift in Sources */,
				A534811420F88C190034390F /* Sceneable.swift in Sources */,
				A534815B20F891B80034390F /* UITableViewCell+Instance.swift in Sources */,
				A5B241AA2100E071001E86C4 /* UIView+Responder.swift in Sources */,
				A534815A20F891B80034390F /* UIView+Instance.swift in Sources */,
				A51B09C420F8C01600D3F39E /* StoreServiceError.swift in Sources */,
				A51B09CB20F8CCF000D3F39E /* TableDataSourceable.swift in Sources */,
				A51B09C220F8BD7F00D3F39E /* WallItem.swift in Sources */,
				A534811920F88C720034390F /* SceneCoordinatorType.swift in Sources */,
				A534812A20F8903B0034390F /* BindableType.swift in Sources */,
				A534815820F891B80034390F /* UITableView+Instance.swift in Sources */,
				A5B241A72100DAE3001E86C4 /* VKApiDelegate.swift in Sources */,
				A534812520F88F110034390F /* ParserViewModel.swift in Sources */,
				A534815D20F891B80034390F /* Instanceable.swift in Sources */,
				A5B241B42100F824001E86C4 /* Wall.swift in Sources */,
				A534815420F891B80034390F /* UIStoryboard+Instance.swift in Sources */,
				A534815920F891B80034390F /* UITableViewHeaderFooterView+Instance.swift in Sources */,
				A534815520F891B80034390F /* UIViewController+Instance.swift in Sources */,
				A51B09C720F8C4A000D3F39E /* WallItemTableViewCell.swift in Sources */,
				A534811B20F88C990034390F /* SceneCoordinator.swift in Sources */,
				A534812020F88D090034390F /* TransitionError.swift in Sources */,
				A534815C20F891B80034390F /* ResourceType.swift in Sources */,
				A53480D020F87C6D0034390F /* ParserTableViewController.swift in Sources */,
				A534815720F891B80034390F /* UICollectionReusableView+Instance.swift in Sources */,
				A53480CE20F87C6D0034390F /* AppDelegate.swift in Sources */,
			);
			runOnlyForDeploymentPostprocessing = 0;
		};
/* End PBXSourcesBuildPhase section */

/* Begin PBXVariantGroup section */
		A53480D120F87C6D0034390F /* ParserTableViewController.storyboard */ = {
			isa = PBXVariantGroup;
			children = (
				A53480D220F87C6D0034390F /* Base */,
			);
			name = ParserTableViewController.storyboard;
			sourceTree = "<group>";
		};
		A53480D620F87C6F0034390F /* LaunchScreen.storyboard */ = {
			isa = PBXVariantGroup;
			children = (
				A53480D720F87C6F0034390F /* Base */,
			);
			name = LaunchScreen.storyboard;
			sourceTree = "<group>";
		};
/* End PBXVariantGroup section */

/* Begin XCBuildConfiguration section */
		A53480DA20F87C6F0034390F /* Debug */ = {
			isa = XCBuildConfiguration;
			buildSettings = {
				ALWAYS_SEARCH_USER_PATHS = NO;
				CLANG_ANALYZER_NONNULL = YES;
				CLANG_ANALYZER_NUMBER_OBJECT_CONVERSION = YES_AGGRESSIVE;
				CLANG_CXX_LANGUAGE_STANDARD = "gnu++14";
				CLANG_CXX_LIBRARY = "libc++";
				CLANG_ENABLE_MODULES = YES;
				CLANG_ENABLE_OBJC_ARC = YES;
				CLANG_ENABLE_OBJC_WEAK = YES;
				CLANG_WARN_BLOCK_CAPTURE_AUTORELEASING = YES;
				CLANG_WARN_BOOL_CONVERSION = YES;
				CLANG_WARN_COMMA = YES;
				CLANG_WARN_CONSTANT_CONVERSION = YES;
				CLANG_WARN_DEPRECATED_OBJC_IMPLEMENTATIONS = YES;
				CLANG_WARN_DIRECT_OBJC_ISA_USAGE = YES_ERROR;
				CLANG_WARN_DOCUMENTATION_COMMENTS = YES;
				CLANG_WARN_EMPTY_BODY = YES;
				CLANG_WARN_ENUM_CONVERSION = YES;
				CLANG_WARN_INFINITE_RECURSION = YES;
				CLANG_WARN_INT_CONVERSION = YES;
				CLANG_WARN_NON_LITERAL_NULL_CONVERSION = YES;
				CLANG_WARN_OBJC_IMPLICIT_RETAIN_SELF = YES;
				CLANG_WARN_OBJC_LITERAL_CONVERSION = YES;
				CLANG_WARN_OBJC_ROOT_CLASS = YES_ERROR;
				CLANG_WARN_RANGE_LOOP_ANALYSIS = YES;
				CLANG_WARN_STRICT_PROTOTYPES = YES;
				CLANG_WARN_SUSPICIOUS_MOVE = YES;
				CLANG_WARN_UNGUARDED_AVAILABILITY = YES_AGGRESSIVE;
				CLANG_WARN_UNREACHABLE_CODE = YES;
				CLANG_WARN__DUPLICATE_METHOD_MATCH = YES;
				CODE_SIGN_IDENTITY = "iPhone Developer";
				COPY_PHASE_STRIP = NO;
				DEBUG_INFORMATION_FORMAT = dwarf;
				ENABLE_STRICT_OBJC_MSGSEND = YES;
				ENABLE_TESTABILITY = YES;
				GCC_C_LANGUAGE_STANDARD = gnu11;
				GCC_DYNAMIC_NO_PIC = NO;
				GCC_NO_COMMON_BLOCKS = YES;
				GCC_OPTIMIZATION_LEVEL = 0;
				GCC_PREPROCESSOR_DEFINITIONS = (
					"DEBUG=1",
					"$(inherited)",
				);
				GCC_WARN_64_TO_32_BIT_CONVERSION = YES;
				GCC_WARN_ABOUT_RETURN_TYPE = YES_ERROR;
				GCC_WARN_UNDECLARED_SELECTOR = YES;
				GCC_WARN_UNINITIALIZED_AUTOS = YES_AGGRESSIVE;
				GCC_WARN_UNUSED_FUNCTION = YES;
				GCC_WARN_UNUSED_VARIABLE = YES;
				IPHONEOS_DEPLOYMENT_TARGET = 10.0;
				MTL_ENABLE_DEBUG_INFO = YES;
				ONLY_ACTIVE_ARCH = YES;
				SDKROOT = iphoneos;
				SWIFT_ACTIVE_COMPILATION_CONDITIONS = DEBUG;
				SWIFT_OPTIMIZATION_LEVEL = "-Onone";
			};
			name = Debug;
		};
		A53480DB20F87C6F0034390F /* Release */ = {
			isa = XCBuildConfiguration;
			buildSettings = {
				ALWAYS_SEARCH_USER_PATHS = NO;
				CLANG_ANALYZER_NONNULL = YES;
				CLANG_ANALYZER_NUMBER_OBJECT_CONVERSION = YES_AGGRESSIVE;
				CLANG_CXX_LANGUAGE_STANDARD = "gnu++14";
				CLANG_CXX_LIBRARY = "libc++";
				CLANG_ENABLE_MODULES = YES;
				CLANG_ENABLE_OBJC_ARC = YES;
				CLANG_ENABLE_OBJC_WEAK = YES;
				CLANG_WARN_BLOCK_CAPTURE_AUTORELEASING = YES;
				CLANG_WARN_BOOL_CONVERSION = YES;
				CLANG_WARN_COMMA = YES;
				CLANG_WARN_CONSTANT_CONVERSION = YES;
				CLANG_WARN_DEPRECATED_OBJC_IMPLEMENTATIONS = YES;
				CLANG_WARN_DIRECT_OBJC_ISA_USAGE = YES_ERROR;
				CLANG_WARN_DOCUMENTATION_COMMENTS = YES;
				CLANG_WARN_EMPTY_BODY = YES;
				CLANG_WARN_ENUM_CONVERSION = YES;
				CLANG_WARN_INFINITE_RECURSION = YES;
				CLANG_WARN_INT_CONVERSION = YES;
				CLANG_WARN_NON_LITERAL_NULL_CONVERSION = YES;
				CLANG_WARN_OBJC_IMPLICIT_RETAIN_SELF = YES;
				CLANG_WARN_OBJC_LITERAL_CONVERSION = YES;
				CLANG_WARN_OBJC_ROOT_CLASS = YES_ERROR;
				CLANG_WARN_RANGE_LOOP_ANALYSIS = YES;
				CLANG_WARN_STRICT_PROTOTYPES = YES;
				CLANG_WARN_SUSPICIOUS_MOVE = YES;
				CLANG_WARN_UNGUARDED_AVAILABILITY = YES_AGGRESSIVE;
				CLANG_WARN_UNREACHABLE_CODE = YES;
				CLANG_WARN__DUPLICATE_METHOD_MATCH = YES;
				CODE_SIGN_IDENTITY = "iPhone Developer";
				COPY_PHASE_STRIP = NO;
				DEBUG_INFORMATION_FORMAT = "dwarf-with-dsym";
				ENABLE_NS_ASSERTIONS = NO;
				ENABLE_STRICT_OBJC_MSGSEND = YES;
				GCC_C_LANGUAGE_STANDARD = gnu11;
				GCC_NO_COMMON_BLOCKS = YES;
				GCC_WARN_64_TO_32_BIT_CONVERSION = YES;
				GCC_WARN_ABOUT_RETURN_TYPE = YES_ERROR;
				GCC_WARN_UNDECLARED_SELECTOR = YES;
				GCC_WARN_UNINITIALIZED_AUTOS = YES_AGGRESSIVE;
				GCC_WARN_UNUSED_FUNCTION = YES;
				GCC_WARN_UNUSED_VARIABLE = YES;
				IPHONEOS_DEPLOYMENT_TARGET = 10.0;
				MTL_ENABLE_DEBUG_INFO = NO;
				SDKROOT = iphoneos;
				SWIFT_COMPILATION_MODE = wholemodule;
				SWIFT_OPTIMIZATION_LEVEL = "-O";
				VALIDATE_PRODUCT = YES;
			};
			name = Release;
		};
		A53480DD20F87C6F0034390F /* Debug */ = {
			isa = XCBuildConfiguration;
			buildSettings = {
				ASSETCATALOG_COMPILER_APPICON_NAME = AppIcon;
				CODE_SIGN_STYLE = Automatic;
				DEVELOPMENT_TEAM = X5Q7L6Y26Q;
				FRAMEWORK_SEARCH_PATHS = (
					"$(inherited)",
					"$(PROJECT_DIR)/Carthage/Build/iOS",
				);
				INFOPLIST_FILE = "$(SRCROOT)/VKParser/SupportingFiles/Info.plist";
				LD_RUNPATH_SEARCH_PATHS = (
					"$(inherited)",
					"@executable_path/Frameworks",
				);
				PRODUCT_BUNDLE_IDENTIFIER = com.sergeyPugach.VKParser;
				PRODUCT_NAME = "$(TARGET_NAME)";
				SWIFT_VERSION = 4.0;
				TARGETED_DEVICE_FAMILY = "1,2";
			};
			name = Debug;
		};
		A53480DE20F87C6F0034390F /* Release */ = {
			isa = XCBuildConfiguration;
			buildSettings = {
				ASSETCATALOG_COMPILER_APPICON_NAME = AppIcon;
				CODE_SIGN_STYLE = Automatic;
				DEVELOPMENT_TEAM = X5Q7L6Y26Q;
				FRAMEWORK_SEARCH_PATHS = (
					"$(inherited)",
					"$(PROJECT_DIR)/Carthage/Build/iOS",
				);
				INFOPLIST_FILE = "$(SRCROOT)/VKParser/SupportingFiles/Info.plist";
				LD_RUNPATH_SEARCH_PATHS = (
					"$(inherited)",
					"@executable_path/Frameworks",
				);
				PRODUCT_BUNDLE_IDENTIFIER = com.sergeyPugach.VKParser;
				PRODUCT_NAME = "$(TARGET_NAME)";
				SWIFT_VERSION = 4.0;
				TARGETED_DEVICE_FAMILY = "1,2";
			};
			name = Release;
		};
/* End XCBuildConfiguration section */

/* Begin XCConfigurationList section */
		A53480C520F87C6D0034390F /* Build configuration list for PBXProject "VKParser" */ = {
			isa = XCConfigurationList;
			buildConfigurations = (
				A53480DA20F87C6F0034390F /* Debug */,
				A53480DB20F87C6F0034390F /* Release */,
			);
			defaultConfigurationIsVisible = 0;
			defaultConfigurationName = Release;
		};
		A53480DC20F87C6F0034390F /* Build configuration list for PBXNativeTarget "VKParser" */ = {
			isa = XCConfigurationList;
			buildConfigurations = (
				A53480DD20F87C6F0034390F /* Debug */,
				A53480DE20F87C6F0034390F /* Release */,
			);
			defaultConfigurationIsVisible = 0;
			defaultConfigurationName = Release;
		};
/* End XCConfigurationList section */
	};
	rootObject = A53480C220F87C6D0034390F /* Project object */;
}
